{
  "name": "vault-secrets-operator",
  "lockfileVersion": 3,
  "requires": true,
  "packages": {
    "": {
      "dependencies": {
        "bats": "^1.10.0"
      }
    },
    "node_modules/bats": {
      "version": "1.10.0",
      "resolved": "https://registry.npmjs.org/bats/-/bats-1.10.0.tgz",
      "integrity": "sha512-yOQrC7npuCrN+Ic3TyjTjJlzHa0qlK3oEO6VAYPWwFeutx/GmpljIyB6uNSl/UTASyc2w4FgVuA/QMMf9OdsCw==",
      "bin": {
        "bats": "bin/bats"
      }
    }
  }
}
